
Microsoft Visual Studio Solution File, Format Version 12.00
# Visual Studio Version 16
VisualStudioVersion = 16.0.31729.503
MinimumVisualStudioVersion = 10.0.40219.1
Project("{FAE04EC0-301F-11D3-BF4B-00C04F79EFBC}") = "змея", "змея\змея.csproj", "{A47D9E85-AD40-4075-9BBE-8371AE8B8168}"
EndProject
Global
	GlobalSection(SolutionConfigurationPlatforms) = preSolution
		Debug|Any CPU = Debug|Any CPU
		Release|Any CPU = Release|Any CPU
	EndGlobalSection
	GlobalSection(ProjectConfigurationPlatforms) = postSolution
		{A47D9E85-AD40-4075-9BBE-8371AE8B8168}.Debug|Any CPU.ActiveCfg = Debug|Any CPU
		{A47D9E85-AD40-4075-9BBE-8371AE8B8168}.Debug|Any CPU.Build.0 = Debug|Any CPU
		{A47D9E85-AD40-4075-9BBE-8371AE8B8168}.Release|Any CPU.ActiveCfg = Release|Any CPU
		{A47D9E85-AD40-4075-9BBE-8371AE8B8168}.Release|Any CPU.Build.0 = Release|Any CPU
	EndGlobalSection
	GlobalSection(SolutionProperties) = preSolution
		HideSolutionNode = FALSE
	EndGlobalSection
	GlobalSection(ExtensibilityGlobals) = postSolution
		SolutionGuid = {B2A3CFF9-EC2C-4995-830E-A80220E52FF3}
	EndGlobalSection
EndGlobal
